
Microsoft Visual Studio Solution File, Format Version 12.00
# Visual Studio Version 17
VisualStudioVersion = 17.8.34322.80
MinimumVisualStudioVersion = 10.0.40219.1
Project("{FAE04EC0-301F-11D3-BF4B-00C04F79EFBC}") = "Barsanti-Explorer", "Barsanti-Explorer\Barsanti-Explorer.csproj", "{E67856A4-0ACD-4E81-8A3F-7E250B6AE181}"
EndProject
Global
	GlobalSection(SolutionConfigurationPlatforms) = preSolution
		Debug|Any CPU = Debug|Any CPU
		Release|Any CPU = Release|Any CPU
	EndGlobalSection
	GlobalSection(ProjectConfigurationPlatforms) = postSolution
		{E67856A4-0ACD-4E81-8A3F-7E250B6AE181}.Debug|Any CPU.ActiveCfg = Debug|Any CPU
		{E67856A4-0ACD-4E81-8A3F-7E250B6AE181}.Debug|Any CPU.Build.0 = Debug|Any CPU
		{E67856A4-0ACD-4E81-8A3F-7E250B6AE181}.Release|Any CPU.ActiveCfg = Release|Any CPU
		{E67856A4-0ACD-4E81-8A3F-7E250B6AE181}.Release|Any CPU.Build.0 = Release|Any CPU
	EndGlobalSection
	GlobalSection(SolutionProperties) = preSolution
		HideSolutionNode = FALSE
	EndGlobalSection
	GlobalSection(ExtensibilityGlobals) = postSolution
		SolutionGuid = {966AB73D-F860-4E0E-825D-E25D2D44D1CF}
	EndGlobalSection
EndGlobal
