
Microsoft Visual Studio Solution File, Format Version 12.00
# Visual Studio Version 17
VisualStudioVersion = 17.8.34322.80
MinimumVisualStudioVersion = 10.0.40219.1
Project("{9A19103F-16F7-4668-BE54-9A1E7A4F7556}") = "BarsantiExplorer", "BarsantiExplorer\BarsantiExplorer.csproj", "{657E2343-EE29-49BA-87B9-81AC2044716A}"
EndProject
Global
	GlobalSection(SolutionConfigurationPlatforms) = preSolution
		Debug|Any CPU = Debug|Any CPU
		Release|Any CPU = Release|Any CPU
	EndGlobalSection
	GlobalSection(ProjectConfigurationPlatforms) = postSolution
		{657E2343-EE29-49BA-87B9-81AC2044716A}.Debug|Any CPU.ActiveCfg = Debug|Any CPU
		{657E2343-EE29-49BA-87B9-81AC2044716A}.Debug|Any CPU.Build.0 = Debug|Any CPU
		{657E2343-EE29-49BA-87B9-81AC2044716A}.Release|Any CPU.ActiveCfg = Release|Any CPU
		{657E2343-EE29-49BA-87B9-81AC2044716A}.Release|Any CPU.Build.0 = Release|Any CPU
	EndGlobalSection
	GlobalSection(SolutionProperties) = preSolution
		HideSolutionNode = FALSE
	EndGlobalSection
	GlobalSection(ExtensibilityGlobals) = postSolution
		SolutionGuid = {1409A590-246B-4265-B9C3-42D043F68BA8}
	EndGlobalSection
EndGlobal
